
Microsoft Visual Studio Solution File, Format Version 12.00
# Visual Studio Version 16
VisualStudioVersion = 16.0.29709.97
MinimumVisualStudioVersion = 10.0.40219.1
Project("{FAE04EC0-301F-11D3-BF4B-00C04F79EFBC}") = "RayTracer", "RayTracer\RayTracer.csproj", "{37E373B7-4A03-4875-B14A-DA88D5D9052A}"
EndProject
Project("{FAE04EC0-301F-11D3-BF4B-00C04F79EFBC}") = "UnitTests", "UnitTests\UnitTests.csproj", "{1368E18F-1F0F-4B1D-A1CD-3D1078F174E3}"
EndProject
Global
	GlobalSection(SolutionConfigurationPlatforms) = preSolution
		Debug|Any CPU = Debug|Any CPU
		Release|Any CPU = Release|Any CPU
	EndGlobalSection
	GlobalSection(ProjectConfigurationPlatforms) = postSolution
		{37E373B7-4A03-4875-B14A-DA88D5D9052A}.Debug|Any CPU.ActiveCfg = Debug|Any CPU
		{37E373B7-4A03-4875-B14A-DA88D5D9052A}.Debug|Any CPU.Build.0 = Debug|Any CPU
		{37E373B7-4A03-4875-B14A-DA88D5D9052A}.Release|Any CPU.ActiveCfg = Release|Any CPU
		{37E373B7-4A03-4875-B14A-DA88D5D9052A}.Release|Any CPU.Build.0 = Release|Any CPU
		{1368E18F-1F0F-4B1D-A1CD-3D1078F174E3}.Debug|Any CPU.ActiveCfg = Debug|Any CPU
		{1368E18F-1F0F-4B1D-A1CD-3D1078F174E3}.Debug|Any CPU.Build.0 = Debug|Any CPU
		{1368E18F-1F0F-4B1D-A1CD-3D1078F174E3}.Release|Any CPU.ActiveCfg = Release|Any CPU
		{1368E18F-1F0F-4B1D-A1CD-3D1078F174E3}.Release|Any CPU.Build.0 = Release|Any CPU
	EndGlobalSection
	GlobalSection(SolutionProperties) = preSolution
		HideSolutionNode = FALSE
	EndGlobalSection
	GlobalSection(ExtensibilityGlobals) = postSolution
		SolutionGuid = {376A5258-8C73-47E8-A699-FC6E5F67C0DE}
	EndGlobalSection
EndGlobal
